
Microsoft Visual Studio Solution File, Format Version 12.00
# Visual Studio Version 17
VisualStudioVersion = 17.14.36623.8 d17.14
MinimumVisualStudioVersion = 10.0.40219.1
Project("{FAE04EC0-301F-11D3-BF4B-00C04F79EFBC}") = "Documents_Pyankov", "Documents_Pyankov\Documents_Pyankov.csproj", "{9111B26E-6796-4040-BBD9-87E401FDA867}"
EndProject
Global
	GlobalSection(SolutionConfigurationPlatforms) = preSolution
		Debug|Any CPU = Debug|Any CPU
		Release|Any CPU = Release|Any CPU
	EndGlobalSection
	GlobalSection(ProjectConfigurationPlatforms) = postSolution
		{9111B26E-6796-4040-BBD9-87E401FDA867}.Debug|Any CPU.ActiveCfg = Debug|Any CPU
		{9111B26E-6796-4040-BBD9-87E401FDA867}.Debug|Any CPU.Build.0 = Debug|Any CPU
		{9111B26E-6796-4040-BBD9-87E401FDA867}.Release|Any CPU.ActiveCfg = Release|Any CPU
		{9111B26E-6796-4040-BBD9-87E401FDA867}.Release|Any CPU.Build.0 = Release|Any CPU
	EndGlobalSection
	GlobalSection(SolutionProperties) = preSolution
		HideSolutionNode = FALSE
	EndGlobalSection
	GlobalSection(ExtensibilityGlobals) = postSolution
		SolutionGuid = {5ECF52DE-0EF6-4F53-80D5-20260DD9D1AD}
	EndGlobalSection
EndGlobal
